
Microsoft Visual Studio Solution File, Format Version 12.00
# Visual Studio Version 17
VisualStudioVersion = 17.3.32825.248
MinimumVisualStudioVersion = 10.0.40219.1
Project("{FAE04EC0-301F-11D3-BF4B-00C04F79EFBC}") = "ConsoleApp1", "ConsoleApp1\ConsoleApp1.csproj", "{522965F4-6F2C-45D9-A3A9-5C132473CA4F}"
EndProject
Global
	GlobalSection(SolutionConfigurationPlatforms) = preSolution
		Debug|Any CPU = Debug|Any CPU
		Release|Any CPU = Release|Any CPU
	EndGlobalSection
	GlobalSection(ProjectConfigurationPlatforms) = postSolution
		{522965F4-6F2C-45D9-A3A9-5C132473CA4F}.Debug|Any CPU.ActiveCfg = Debug|Any CPU
		{522965F4-6F2C-45D9-A3A9-5C132473CA4F}.Debug|Any CPU.Build.0 = Debug|Any CPU
		{522965F4-6F2C-45D9-A3A9-5C132473CA4F}.Release|Any CPU.ActiveCfg = Release|Any CPU
		{522965F4-6F2C-45D9-A3A9-5C132473CA4F}.Release|Any CPU.Build.0 = Release|Any CPU
	EndGlobalSection
	GlobalSection(SolutionProperties) = preSolution
		HideSolutionNode = FALSE
	EndGlobalSection
	GlobalSection(ExtensibilityGlobals) = postSolution
		SolutionGuid = {EEAA2434-C37E-49D6-B6D4-0EE491249805}
	EndGlobalSection
EndGlobal
